// !$*UTF8*$!
{
	archiveVersion = 1;
	classes = {
	};
	objectVersion = 50;
	objects = {

/* Begin PBXBuildFile section */
		C8F7C11925C8A10500CE01B5 /* AppDelegate.swift in Sources */ = {isa = PBXBuildFile; fileRef = C8F7C11825C8A10500CE01B5 /* AppDelegate.swift */; };
		C8F7C11B25C8A10500CE01B5 /* SceneDelegate.swift in Sources */ = {isa = PBXBuildFile; fileRef = C8F7C11A25C8A10500CE01B5 /* SceneDelegate.swift */; };
		C8F7C11D25C8A10500CE01B5 /* ContentView.swift in Sources */ = {isa = PBXBuildFile; fileRef = C8F7C11C25C8A10500CE01B5 /* ContentView.swift */; };
		C8F7C11F25C8A10500CE01B5 /* Assets.xcassets in Resources */ = {isa = PBXBuildFile; fileRef = C8F7C11E25C8A10500CE01B5 /* Assets.xcassets */; };
		C8F7C12225C8A10500CE01B5 /* Preview Assets.xcassets in Resources */ = {isa = PBXBuildFile; fileRef = C8F7C12125C8A10500CE01B5 /* Preview Assets.xcassets */; };
		C8F7C12525C8A10500CE01B5 /* LaunchScreen.storyboard in Resources */ = {isa = PBXBuildFile; fileRef = C8F7C12325C8A10500CE01B5 /* LaunchScreen.storyboard */; };
		C8F7C13025C8A10500CE01B5 /* ComplexGroupsSwiftUITests.swift in Sources */ = {isa = PBXBuildFile; fileRef = C8F7C12F25C8A10500CE01B5 /* ComplexGroupsSwiftUITests.swift */; };
		C8F7C13B25C8A10500CE01B5 /* ComplexGroupsSwiftUIUITests.swift in Sources */ = {isa = PBXBuildFile; fileRef = C8F7C13A25C8A10500CE01B5 /* ComplexGroupsSwiftUIUITests.swift */; };
/* End PBXBuildFile section */

/* Begin PBXContainerItemProxy section */
		C8F7C12C25C8A10500CE01B5 /* PBXContainerItemProxy */ = {
			isa = PBXContainerItemProxy;
			containerPortal = C8F7C10D25C8A10500CE01B5 /* Project object */;
			proxyType = 1;
			remoteGlobalIDString = C8F7C11425C8A10500CE01B5;
			remoteInfo = ComplexGroupsSwiftUI;
		};
		C8F7C13725C8A10500CE01B5 /* PBXContainerItemProxy */ = {
			isa = PBXContainerItemProxy;
			containerPortal = C8F7C10D25C8A10500CE01B5 /* Project object */;
			proxyType = 1;
			remoteGlobalIDString = C8F7C11425C8A10500CE01B5;
			remoteInfo = ComplexGroupsSwiftUI;
		};
/* End PBXContainerItemProxy section */

/* Begin PBXFileReference section */
		C8F7C11525C8A10500CE01B5 /* ComplexGroupsSwiftUI.app */ = {isa = PBXFileReference; explicitFileType = wrapper.application; includeInIndex = 0; path = ComplexGroupsSwiftUI.app; sourceTree = BUILT_PRODUCTS_DIR; };
		C8F7C11825C8A10500CE01B5 /* AppDelegate.swift */ = {isa = PBXFileReference; lastKnownFileType = sourcecode.swift; path = AppDelegate.swift; sourceTree = "<group>"; };
		C8F7C11A25C8A10500CE01B5 /* SceneDelegate.swift */ = {isa = PBXFileReference; lastKnownFileType = sourcecode.swift; path = SceneDelegate.swift; sourceTree = "<group>"; };
		C8F7C11C25C8A10500CE01B5 /* ContentView.swift */ = {isa = PBXFileReference; lastKnownFileType = sourcecode.swift; path = ContentView.swift; sourceTree = "<group>"; };
		C8F7C11E25C8A10500CE01B5 /* Assets.xcassets */ = {isa = PBXFileReference; lastKnownFileType = folder.assetcatalog; path = Assets.xcassets; sourceTree = "<group>"; };
		C8F7C12125C8A10500CE01B5 /* Preview Assets.xcassets */ = {isa = PBXFileReference; lastKnownFileType = folder.assetcatalog; path = "Preview Assets.xcassets"; sourceTree = "<group>"; };
		C8F7C12425C8A10500CE01B5 /* Base */ = {isa = PBXFileReference; lastKnownFileType = file.storyboard; name = Base; path = Base.lproj/LaunchScreen.storyboard; sourceTree = "<group>"; };
		C8F7C12625C8A10500CE01B5 /* Info.plist */ = {isa = PBXFileReference; lastKnownFileType = text.plist.xml; path = Info.plist; sourceTree = "<group>"; };
		C8F7C12B25C8A10500CE01B5 /* ComplexGroupsSwiftUITests.xctest */ = {isa = PBXFileReference; explicitFileType = wrapper.cfbundle; includeInIndex = 0; path = ComplexGroupsSwiftUITests.xctest; sourceTree = BUILT_PRODUCTS_DIR; };
		C8F7C12F25C8A10500CE01B5 /* ComplexGroupsSwiftUITests.swift */ = {isa = PBXFileReference; lastKnownFileType = sourcecode.swift; path = ComplexGroupsSwiftUITests.swift; sourceTree = "<group>"; };
		C8F7C13125C8A10500CE01B5 /* Info.plist */ = {isa = PBXFileReference; lastKnownFileType = text.plist.xml; path = Info.plist; sourceTree = "<group>"; };
		C8F7C13625C8A10500CE01B5 /* ComplexGroupsSwiftUIUITests.xctest */ = {isa = PBXFileReference; explicitFileType = wrapper.cfbundle; includeInIndex = 0; path = ComplexGroupsSwiftUIUITests.xctest; sourceTree = BUILT_PRODUCTS_DIR; };
		C8F7C13A25C8A10500CE01B5 /* ComplexGroupsSwiftUIUITests.swift */ = {isa = PBXFileReference; lastKnownFileType = sourcecode.swift; path = ComplexGroupsSwiftUIUITests.swift; sourceTree = "<group>"; };
		C8F7C13C25C8A10600CE01B5 /* Info.plist */ = {isa = PBXFileReference; lastKnownFileType = text.plist.xml; path = Info.plist; sourceTree = "<group>"; };
/* End PBXFileReference section */

/* Begin PBXFrameworksBuildPhase section */
		C8F7C11225C8A10500CE01B5 /* Frameworks */ = {
			isa = PBXFrameworksBuildPhase;
			buildActionMask = 2147483647;
			files = (
			);
			runOnlyForDeploymentPostprocessing = 0;
		};
		C8F7C12825C8A10500CE01B5 /* Frameworks */ = {
			isa = PBXFrameworksBuildPhase;
			buildActionMask = 2147483647;
			files = (
			);
			runOnlyForDeploymentPostprocessing = 0;
		};
		C8F7C13325C8A10500CE01B5 /* Frameworks */ = {
			isa = PBXFrameworksBuildPhase;
			buildActionMask = 2147483647;
			files = (
			);
			runOnlyForDeploymentPostprocessing = 0;
		};
/* End PBXFrameworksBuildPhase section */

/* Begin PBXGroup section */
		C8F7C10C25C8A10500CE01B5 = {
			isa = PBXGroup;
			children = (
				C8F7C11725C8A10500CE01B5 /* ComplexGroupsSwiftUI */,
				C8F7C12E25C8A10500CE01B5 /* ComplexGroupsSwiftUITests */,
				C8F7C13925C8A10500CE01B5 /* ComplexGroupsSwiftUIUITests */,
				C8F7C11625C8A10500CE01B5 /* Products */,
			);
			sourceTree = "<group>";
		};
		C8F7C11625C8A10500CE01B5 /* Products */ = {
			isa = PBXGroup;
			children = (
				C8F7C11525C8A10500CE01B5 /* ComplexGroupsSwiftUI.app */,
				C8F7C12B25C8A10500CE01B5 /* ComplexGroupsSwiftUITests.xctest */,
				C8F7C13625C8A10500CE01B5 /* ComplexGroupsSwiftUIUITests.xctest */,
			);
			name = Products;
			sourceTree = "<group>";
		};
		C8F7C11725C8A10500CE01B5 /* ComplexGroupsSwiftUI */ = {
			isa = PBXGroup;
			children = (
				C8F7C11825C8A10500CE01B5 /* AppDelegate.swift */,
				C8F7C11A25C8A10500CE01B5 /* SceneDelegate.swift */,
				C8F7C11C25C8A10500CE01B5 /* ContentView.swift */,
				C8F7C11E25C8A10500CE01B5 /* Assets.xcassets */,
				C8F7C12325C8A10500CE01B5 /* LaunchScreen.storyboard */,
				C8F7C12625C8A10500CE01B5 /* Info.plist */,
				C8F7C12025C8A10500CE01B5 /* Preview Content */,
			);
			path = ComplexGroupsSwiftUI;
			sourceTree = "<group>";
		};
		C8F7C12025C8A10500CE01B5 /* Preview Content */ = {
			isa = PBXGroup;
			children = (
				C8F7C12125C8A10500CE01B5 /* Preview Assets.xcassets */,
			);
			path = "Preview Content";
			sourceTree = "<group>";
		};
		C8F7C12E25C8A10500CE01B5 /* ComplexGroupsSwiftUITests */ = {
			isa = PBXGroup;
			children = (
				C8F7C12F25C8A10500CE01B5 /* ComplexGroupsSwiftUITests.swift */,
				C8F7C13125C8A10500CE01B5 /* Info.plist */,
			);
			path = ComplexGroupsSwiftUITests;
			sourceTree = "<group>";
		};
		C8F7C13925C8A10500CE01B5 /* ComplexGroupsSwiftUIUITests */ = {
			isa = PBXGroup;
			children = (
				C8F7C13A25C8A10500CE01B5 /* ComplexGroupsSwiftUIUITests.swift */,
				C8F7C13C25C8A10600CE01B5 /* Info.plist */,
			);
			path = ComplexGroupsSwiftUIUITests;
			sourceTree = "<group>";
		};
/* End PBXGroup section */

/* Begin PBXNativeTarget section */
		C8F7C11425C8A10500CE01B5 /* ComplexGroupsSwiftUI */ = {
			isa = PBXNativeTarget;
			buildConfigurationList = C8F7C13F25C8A10600CE01B5 /* Build configuration list for PBXNativeTarget "ComplexGroupsSwiftUI" */;
			buildPhases = (
				C8F7C11125C8A10500CE01B5 /* Sources */,
				C8F7C11225C8A10500CE01B5 /* Frameworks */,
				C8F7C11325C8A10500CE01B5 /* Resources */,
			);
			buildRules = (
			);
			dependencies = (
			);
			name = ComplexGroupsSwiftUI;
			productName = ComplexGroupsSwiftUI;
			productReference = C8F7C11525C8A10500CE01B5 /* ComplexGroupsSwiftUI.app */;
			productType = "com.apple.product-type.application";
		};
		C8F7C12A25C8A10500CE01B5 /* ComplexGroupsSwiftUITests */ = {
			isa = PBXNativeTarget;
			buildConfigurationList = C8F7C14225C8A10600CE01B5 /* Build configuration list for PBXNativeTarget "ComplexGroupsSwiftUITests" */;
			buildPhases = (
				C8F7C12725C8A10500CE01B5 /* Sources */,
				C8F7C12825C8A10500CE01B5 /* Frameworks */,
				C8F7C12925C8A10500CE01B5 /* Resources */,
			);
			buildRules = (
			);
			dependencies = (
				C8F7C12D25C8A10500CE01B5 /* PBXTargetDependency */,
			);
			name = ComplexGroupsSwiftUITests;
			productName = ComplexGroupsSwiftUITests;
			productReference = C8F7C12B25C8A10500CE01B5 /* ComplexGroupsSwiftUITests.xctest */;
			productType = "com.apple.product-type.bundle.unit-test";
		};
		C8F7C13525C8A10500CE01B5 /* ComplexGroupsSwiftUIUITests */ = {
			isa = PBXNativeTarget;
			buildConfigurationList = C8F7C14525C8A10600CE01B5 /* Build configuration list for PBXNativeTarget "ComplexGroupsSwiftUIUITests" */;
			buildPhases = (
				C8F7C13225C8A10500CE01B5 /* Sources */,
				C8F7C13325C8A10500CE01B5 /* Frameworks */,
				C8F7C13425C8A10500CE01B5 /* Resources */,
			);
			buildRules = (
			);
			dependencies = (
				C8F7C13825C8A10500CE01B5 /* PBXTargetDependency */,
			);
			name = ComplexGroupsSwiftUIUITests;
			productName = ComplexGroupsSwiftUIUITests;
			productReference = C8F7C13625C8A10500CE01B5 /* ComplexGroupsSwiftUIUITests.xctest */;
			productType = "com.apple.product-type.bundle.ui-testing";
		};
/* End PBXNativeTarget section */

/* Begin PBXProject section */
		C8F7C10D25C8A10500CE01B5 /* Project object */ = {
			isa = PBXProject;
			attributes = {
				LastSwiftUpdateCheck = 1160;
				LastUpgradeCheck = 1160;
				ORGANIZATIONNAME = "Davelaar,Clinton B";
				TargetAttributes = {
					C8F7C11425C8A10500CE01B5 = {
						CreatedOnToolsVersion = 11.6;
					};
					C8F7C12A25C8A10500CE01B5 = {
						CreatedOnToolsVersion = 11.6;
						TestTargetID = C8F7C11425C8A10500CE01B5;
					};
					C8F7C13525C8A10500CE01B5 = {
						CreatedOnToolsVersion = 11.6;
						TestTargetID = C8F7C11425C8A10500CE01B5;
					};
				};
			};
			buildConfigurationList = C8F7C11025C8A10500CE01B5 /* Build configuration list for PBXProject "ComplexGroupsSwiftUI" */;
			compatibilityVersion = "Xcode 9.3";
			developmentRegion = en;
			hasScannedForEncodings = 0;
			knownRegions = (
				en,
				Base,
			);
			mainGroup = C8F7C10C25C8A10500CE01B5;
			productRefGroup = C8F7C11625C8A10500CE01B5 /* Products */;
			projectDirPath = "";
			projectRoot = "";
			targets = (
				C8F7C11425C8A10500CE01B5 /* ComplexGroupsSwiftUI */,
				C8F7C12A25C8A10500CE01B5 /* ComplexGroupsSwiftUITests */,
				C8F7C13525C8A10500CE01B5 /* ComplexGroupsSwiftUIUITests */,
			);
		};
/* End PBXProject section */

/* Begin PBXResourcesBuildPhase section */
		C8F7C11325C8A10500CE01B5 /* Resources */ = {
			isa = PBXResourcesBuildPhase;
			buildActionMask = 2147483647;
			files = (
				C8F7C12525C8A10500CE01B5 /* LaunchScreen.storyboard in Resources */,
				C8F7C12225C8A10500CE01B5 /* Preview Assets.xcassets in Resources */,
				C8F7C11F25C8A10500CE01B5 /* Assets.xcassets in Resources */,
			);
			runOnlyForDeploymentPostprocessing = 0;
		};
		C8F7C12925C8A10500CE01B5 /* Resources */ = {
			isa = PBXResourcesBuildPhase;
			buildActionMask = 2147483647;
			files = (
			);
			runOnlyForDeploymentPostprocessing = 0;
		};
		C8F7C13425C8A10500CE01B5 /* Resources */ = {
			isa = PBXResourcesBuildPhase;
			buildActionMask = 2147483647;
			files = (
			);
			runOnlyForDeploymentPostprocessing = 0;
		};
/* End PBXResourcesBuildPhase section */

/* Begin PBXSourcesBuildPhase section */
		C8F7C11125C8A10500CE01B5 /* Sources */ = {
			isa = PBXSourcesBuildPhase;
			buildActionMask = 2147483647;
			files = (
				C8F7C11925C8A10500CE01B5 /* AppDelegate.swift in Sources */,
				C8F7C11B25C8A10500CE01B5 /* SceneDelegate.swift in Sources */,
				C8F7C11D25C8A10500CE01B5 /* ContentView.swift in Sources */,
			);
			runOnlyForDeploymentPostprocessing = 0;
		};
		C8F7C12725C8A10500CE01B5 /* Sources */ = {
			isa = PBXSourcesBuildPhase;
			buildActionMask = 2147483647;
			files = (
				C8F7C13025C8A10500CE01B5 /* ComplexGroupsSwiftUITests.swift in Sources */,
			);
			runOnlyForDeploymentPostprocessing = 0;
		};
		C8F7C13225C8A10500CE01B5 /* Sources */ = {
			isa = PBXSourcesBuildPhase;
			buildActionMask = 2147483647;
			files = (
				C8F7C13B25C8A10500CE01B5 /* ComplexGroupsSwiftUIUITests.swift in Sources */,
			);
			runOnlyForDeploymentPostprocessing = 0;
		};
/* End PBXSourcesBuildPhase section */

/* Begin PBXTargetDependency section */
		C8F7C12D25C8A10500CE01B5 /* PBXTargetDependency */ = {
			isa = PBXTargetDependency;
			target = C8F7C11425C8A10500CE01B5 /* ComplexGroupsSwiftUI */;
			targetProxy = C8F7C12C25C8A10500CE01B5 /* PBXContainerItemProxy */;
		};
		C8F7C13825C8A10500CE01B5 /* PBXTargetDependency */ = {
			isa = PBXTargetDependency;
			target = C8F7C11425C8A10500CE01B5 /* ComplexGroupsSwiftUI */;
			targetProxy = C8F7C13725C8A10500CE01B5 /* PBXContainerItemProxy */;
		};
/* End PBXTargetDependency section */

/* Begin PBXVariantGroup section */
		C8F7C12325C8A10500CE01B5 /* LaunchScreen.storyboard */ = {
			isa = PBXVariantGroup;
			children = (
				C8F7C12425C8A10500CE01B5 /* Base */,
			);
			name = LaunchScreen.storyboard;
			sourceTree = "<group>";
		};
/* End PBXVariantGroup section */

/* Begin XCBuildConfiguration section */
		C8F7C13D25C8A10600CE01B5 /* Debug */ = {
			isa = XCBuildConfiguration;
			buildSettings = {
				ALWAYS_SEARCH_USER_PATHS = NO;
				CLANG_ANALYZER_NONNULL = YES;
				CLANG_ANALYZER_NUMBER_OBJECT_CONVERSION = YES_AGGRESSIVE;
				CLANG_CXX_LANGUAGE_STANDARD = "gnu++14";
				CLANG_CXX_LIBRARY = "libc++";
				CLANG_ENABLE_MODULES = YES;
				CLANG_ENABLE_OBJC_ARC = YES;
				CLANG_ENABLE_OBJC_WEAK = YES;
				CLANG_WARN_BLOCK_CAPTURE_AUTORELEASING = YES;
				CLANG_WARN_BOOL_CONVERSION = YES;
				CLANG_WARN_COMMA = YES;
				CLANG_WARN_CONSTANT_CONVERSION = YES;
				CLANG_WARN_DEPRECATED_OBJC_IMPLEMENTATIONS = YES;
				CLANG_WARN_DIRECT_OBJC_ISA_USAGE = YES_ERROR;
				CLANG_WARN_DOCUMENTATION_COMMENTS = YES;
				CLANG_WARN_EMPTY_BODY = YES;
				CLANG_WARN_ENUM_CONVERSION = YES;
				CLANG_WARN_INFINITE_RECURSION = YES;
				CLANG_WARN_INT_CONVERSION = YES;
				CLANG_WARN_NON_LITERAL_NULL_CONVERSION = YES;
				CLANG_WARN_OBJC_IMPLICIT_RETAIN_SELF = YES;
				CLANG_WARN_OBJC_LITERAL_CONVERSION = YES;
				CLANG_WARN_OBJC_ROOT_CLASS = YES_ERROR;
				CLANG_WARN_RANGE_LOOP_ANALYSIS = YES;
				CLANG_WARN_STRICT_PROTOTYPES = YES;
				CLANG_WARN_SUSPICIOUS_MOVE = YES;
				CLANG_WARN_UNGUARDED_AVAILABILITY = YES_AGGRESSIVE;
				CLANG_WARN_UNREACHABLE_CODE = YES;
				CLANG_WARN__DUPLICATE_METHOD_MATCH = YES;
				COPY_PHASE_STRIP = NO;
				DEBUG_INFORMATION_FORMAT = dwarf;
				ENABLE_STRICT_OBJC_MSGSEND = YES;
				ENABLE_TESTABILITY = YES;
				GCC_C_LANGUAGE_STANDARD = gnu11;
				GCC_DYNAMIC_NO_PIC = NO;
				GCC_NO_COMMON_BLOCKS = YES;
				GCC_OPTIMIZATION_LEVEL = 0;
				GCC_PREPROCESSOR_DEFINITIONS = (
					"DEBUG=1",
					"$(inherited)",
				);
				GCC_WARN_64_TO_32_BIT_CONVERSION = YES;
				GCC_WARN_ABOUT_RETURN_TYPE = YES_ERROR;
				GCC_WARN_UNDECLARED_SELECTOR = YES;
				GCC_WARN_UNINITIALIZED_AUTOS = YES_AGGRESSIVE;
				GCC_WARN_UNUSED_FUNCTION = YES;
				GCC_WARN_UNUSED_VARIABLE = YES;
				IPHONEOS_DEPLOYMENT_TARGET = 14.4;
				MTL_ENABLE_DEBUG_INFO = INCLUDE_SOURCE;
				MTL_FAST_MATH = YES;
				ONLY_ACTIVE_ARCH = YES;
				SDKROOT = iphoneos;
				SWIFT_ACTIVE_COMPILATION_CONDITIONS = DEBUG;
				SWIFT_OPTIMIZATION_LEVEL = "-Onone";
			};
			name = Debug;
		};
		C8F7C13E25C8A10600CE01B5 /* Release */ = {
			isa = XCBuildConfiguration;
			buildSettings = {
				ALWAYS_SEARCH_USER_PATHS = NO;
				CLANG_ANALYZER_NONNULL = YES;
				CLANG_ANALYZER_NUMBER_OBJECT_CONVERSION = YES_AGGRESSIVE;
				CLANG_CXX_LANGUAGE_STANDARD = "gnu++14";
				CLANG_CXX_LIBRARY = "libc++";
				CLANG_ENABLE_MODULES = YES;
				CLANG_ENABLE_OBJC_ARC = YES;
				CLANG_ENABLE_OBJC_WEAK = YES;
				CLANG_WARN_BLOCK_CAPTURE_AUTORELEASING = YES;
				CLANG_WARN_BOOL_CONVERSION = YES;
				CLANG_WARN_COMMA = YES;
				CLANG_WARN_CONSTANT_CONVERSION = YES;
				CLANG_WARN_DEPRECATED_OBJC_IMPLEMENTATIONS = YES;
				CLANG_WARN_DIRECT_OBJC_ISA_USAGE = YES_ERROR;
				CLANG_WARN_DOCUMENTATION_COMMENTS = YES;
				CLANG_WARN_EMPTY_BODY = YES;
				CLANG_WARN_ENUM_CONVERSION = YES;
				CLANG_WARN_INFINITE_RECURSION = YES;
				CLANG_WARN_INT_CONVERSION = YES;
				CLANG_WARN_NON_LITERAL_NULL_CONVERSION = YES;
				CLANG_WARN_OBJC_IMPLICIT_RETAIN_SELF = YES;
				CLANG_WARN_OBJC_LITERAL_CONVERSION = YES;
				CLANG_WARN_OBJC_ROOT_CLASS = YES_ERROR;
				CLANG_WARN_RANGE_LOOP_ANALYSIS = YES;
				CLANG_WARN_STRICT_PROTOTYPES = YES;
				CLANG_WARN_SUSPICIOUS_MOVE = YES;
				CLANG_WARN_UNGUARDED_AVAILABILITY = YES_AGGRESSIVE;
				CLANG_WARN_UNREACHABLE_CODE = YES;
				CLANG_WARN__DUPLICATE_METHOD_MATCH = YES;
				COPY_PHASE_STRIP = NO;
				DEBUG_INFORMATION_FORMAT = "dwarf-with-dsym";
				ENABLE_NS_ASSERTIONS = NO;
				ENABLE_STRICT_OBJC_MSGSEND = YES;
				GCC_C_LANGUAGE_STANDARD = gnu11;
				GCC_NO_COMMON_BLOCKS = YES;
				GCC_WARN_64_TO_32_BIT_CONVERSION = YES;
				GCC_WARN_ABOUT_RETURN_TYPE = YES_ERROR;
				GCC_WARN_UNDECLARED_SELECTOR = YES;
				GCC_WARN_UNINITIALIZED_AUTOS = YES_AGGRESSIVE;
				GCC_WARN_UNUSED_FUNCTION = YES;
				GCC_WARN_UNUSED_VARIABLE = YES;
				IPHONEOS_DEPLOYMENT_TARGET = 14.4;
				MTL_ENABLE_DEBUG_INFO = NO;
				MTL_FAST_MATH = YES;
				SDKROOT = iphoneos;
				SWIFT_COMPILATION_MODE = wholemodule;
				SWIFT_OPTIMIZATION_LEVEL = "-O";
				VALIDATE_PRODUCT = YES;
			};
			name = Release;
		};
		C8F7C14025C8A10600CE01B5 /* Debug */ = {
			isa = XCBuildConfiguration;
			buildSettings = {
				ASSETCATALOG_COMPILER_APPICON_NAME = AppIcon;
				CODE_SIGN_STYLE = Automatic;
				DEVELOPMENT_ASSET_PATHS = "\"ComplexGroupsSwiftUI/Preview Content\"";
				DEVELOPMENT_TEAM = 3NASZH28DK;
				ENABLE_PREVIEWS = YES;
				INFOPLIST_FILE = ComplexGroupsSwiftUI/Info.plist;
				LD_RUNPATH_SEARCH_PATHS = (
					"$(inherited)",
					"@executable_path/Frameworks",
				);
				PRODUCT_BUNDLE_IDENTIFIER = clint.ComplexGroupsSwiftUI;
				PRODUCT_NAME = "$(TARGET_NAME)";
				SWIFT_VERSION = 5.0;
				TARGETED_DEVICE_FAMILY = "1,2";
			};
			name = Debug;
		};
		C8F7C14125C8A10600CE01B5 /* Release */ = {
			isa = XCBuildConfiguration;
			buildSettings = {
				ASSETCATALOG_COMPILER_APPICON_NAME = AppIcon;
				CODE_SIGN_STYLE = Automatic;
				DEVELOPMENT_ASSET_PATHS = "\"ComplexGroupsSwiftUI/Preview Content\"";
				DEVELOPMENT_TEAM = 3NASZH28DK;
				ENABLE_PREVIEWS = YES;
				INFOPLIST_FILE = ComplexGroupsSwiftUI/Info.plist;
				LD_RUNPATH_SEARCH_PATHS = (
					"$(inherited)",
					"@executable_path/Frameworks",
				);
				PRODUCT_BUNDLE_IDENTIFIER = clint.ComplexGroupsSwiftUI;
				PRODUCT_NAME = "$(TARGET_NAME)";
				SWIFT_VERSION = 5.0;
				TARGETED_DEVICE_FAMILY = "1,2";
			};
			name = Release;
		};
		C8F7C14325C8A10600CE01B5 /* Debug */ = {
			isa = XCBuildConfiguration;
			buildSettings = {
				ALWAYS_EMBED_SWIFT_STANDARD_LIBRARIES = YES;
				BUNDLE_LOADER = "$(TEST_HOST)";
				CODE_SIGN_STYLE = Automatic;
				DEVELOPMENT_TEAM = 3NASZH28DK;
				INFOPLIST_FILE = ComplexGroupsSwiftUITests/Info.plist;
				IPHONEOS_DEPLOYMENT_TARGET = 13.6;
				LD_RUNPATH_SEARCH_PATHS = (
					"$(inherited)",
					"@executable_path/Frameworks",
					"@loader_path/Frameworks",
				);
				PRODUCT_BUNDLE_IDENTIFIER = clint.ComplexGroupsSwiftUITests;
				PRODUCT_NAME = "$(TARGET_NAME)";
				SWIFT_VERSION = 5.0;
				TARGETED_DEVICE_FAMILY = "1,2";
				TEST_HOST = "$(BUILT_PRODUCTS_DIR)/ComplexGroupsSwiftUI.app/ComplexGroupsSwiftUI";
			};
			name = Debug;
		};
		C8F7C14425C8A10600CE01B5 /* Release */ = {
			isa = XCBuildConfiguration;
			buildSettings = {
				ALWAYS_EMBED_SWIFT_STANDARD_LIBRARIES = YES;
				BUNDLE_LOADER = "$(TEST_HOST)";
				CODE_SIGN_STYLE = Automatic;
				DEVELOPMENT_TEAM = 3NASZH28DK;
				INFOPLIST_FILE = ComplexGroupsSwiftUITests/Info.plist;
				IPHONEOS_DEPLOYMENT_TARGET = 13.6;
				LD_RUNPATH_SEARCH_PATHS = (
					"$(inherited)",
					"@executable_path/Frameworks",
					"@loader_path/Frameworks",
				);
				PRODUCT_BUNDLE_IDENTIFIER = clint.ComplexGroupsSwiftUITests;
				PRODUCT_NAME = "$(TARGET_NAME)";
				SWIFT_VERSION = 5.0;
				TARGETED_DEVICE_FAMILY = "1,2";
				TEST_HOST = "$(BUILT_PRODUCTS_DIR)/ComplexGroupsSwiftUI.app/ComplexGroupsSwiftUI";
			};
			name = Release;
		};
		C8F7C14625C8A10600CE01B5 /* Debug */ = {
			isa = XCBuildConfiguration;
			buildSettings = {
				ALWAYS_EMBED_SWIFT_STANDARD_LIBRARIES = YES;
				CODE_SIGN_STYLE = Automatic;
				DEVELOPMENT_TEAM = 3NASZH28DK;
				INFOPLIST_FILE = ComplexGroupsSwiftUIUITests/Info.plist;
				LD_RUNPATH_SEARCH_PATHS = (
					"$(inherited)",
					"@executable_path/Frameworks",
					"@loader_path/Frameworks",
				);
				PRODUCT_BUNDLE_IDENTIFIER = clint.ComplexGroupsSwiftUIUITests;
				PRODUCT_NAME = "$(TARGET_NAME)";
				SWIFT_VERSION = 5.0;
				TARGETED_DEVICE_FAMILY = "1,2";
				TEST_TARGET_NAME = ComplexGroupsSwiftUI;
			};
			name = Debug;
		};
		C8F7C14725C8A10600CE01B5 /* Release */ = {
			isa = XCBuildConfiguration;
			buildSettings = {
				ALWAYS_EMBED_SWIFT_STANDARD_LIBRARIES = YES;
				CODE_SIGN_STYLE = Automatic;
				DEVELOPMENT_TEAM = 3NASZH28DK;
				INFOPLIST_FILE = ComplexGroupsSwiftUIUITests/Info.plist;
				LD_RUNPATH_SEARCH_PATHS = (
					"$(inherited)",
					"@executable_path/Frameworks",
					"@loader_path/Frameworks",
				);
				PRODUCT_BUNDLE_IDENTIFIER = clint.ComplexGroupsSwiftUIUITests;
				PRODUCT_NAME = "$(TARGET_NAME)";
				SWIFT_VERSION = 5.0;
				TARGETED_DEVICE_FAMILY = "1,2";
				TEST_TARGET_NAME = ComplexGroupsSwiftUI;
			};
			name = Release;
		};
/* End XCBuildConfiguration section */

/* Begin XCConfigurationList section */
		C8F7C11025C8A10500CE01B5 /* Build configuration list for PBXProject "ComplexGroupsSwiftUI" */ = {
			isa = XCConfigurationList;
			buildConfigurations = (
				C8F7C13D25C8A10600CE01B5 /* Debug */,
				C8F7C13E25C8A10600CE01B5 /* Release */,
			);
			defaultConfigurationIsVisible = 0;
			defaultConfigurationName = Release;
		};
		C8F7C13F25C8A10600CE01B5 /* Build configuration list for PBXNativeTarget "ComplexGroupsSwiftUI" */ = {
			isa = XCConfigurationList;
			buildConfigurations = (
				C8F7C14025C8A10600CE01B5 /* Debug */,
				C8F7C14125C8A10600CE01B5 /* Release */,
			);
			defaultConfigurationIsVisible = 0;
			defaultConfigurationName = Release;
		};
		C8F7C14225C8A10600CE01B5 /* Build configuration list for PBXNativeTarget "ComplexGroupsSwiftUITests" */ = {
			isa = XCConfigurationList;
			buildConfigurations = (
				C8F7C14325C8A10600CE01B5 /* Debug */,
				C8F7C14425C8A10600CE01B5 /* Release */,
			);
			defaultConfigurationIsVisible = 0;
			defaultConfigurationName = Release;
		};
		C8F7C14525C8A10600CE01B5 /* Build configuration list for PBXNativeTarget "ComplexGroupsSwiftUIUITests" */ = {
			isa = XCConfigurationList;
			buildConfigurations = (
				C8F7C14625C8A10600CE01B5 /* Debug */,
				C8F7C14725C8A10600CE01B5 /* Release */,
			);
			defaultConfigurationIsVisible = 0;
			defaultConfigurationName = Release;
		};
/* End XCConfigurationList section */
	};
	rootObject = C8F7C10D25C8A10500CE01B5 /* Project object */;
}
